// !$*UTF8*$!
{
	archiveVersion = 1;
	classes = {
	};
	objectVersion = 77;
	objects = {

/* Begin PBXBuildFile section */
		7ED97EA6300543E6007F1D3E /* Assets.xcassets in Resources */ = {isa = PBXBuildFile; fileRef = 7ED97EA3300543E6007F1D3E /* Assets.xcassets */; };
		7ED97EA7300543E6007F1D3E /* TimelineCompositionBuilder.swift in Sources */ = {isa = PBXBuildFile; fileRef = 7ED97E84300543E6007F1D3E /* TimelineCompositionBuilder.swift */; };
		7ED97EA8300543E6007F1D3E /* CustomVideoCompositionInstruction.swift in Sources */ = {isa = PBXBuildFile; fileRef = 7ED97E86300543E6007F1D3E /* CustomVideoCompositionInstruction.swift */; };
		7ED97EA9300543E6007F1D3E /* CustomVideoCompositor.swift in Sources */ = {isa = PBXBuildFile; fileRef = 7ED97E87300543E6007F1D3E /* CustomVideoCompositor.swift */; };
		7ED97EAA300543E6007F1D3E /* ClipEffectsProcessor.swift in Sources */ = {isa = PBXBuildFile; fileRef = 7ED97E89300543E6007F1D3E /* ClipEffectsProcessor.swift */; };
		7ED97EAB300543E6007F1D3E /* FrameProcessor.swift in Sources */ = {isa = PBXBuildFile; fileRef = 7ED97E8A300543E6007F1D3E /* FrameProcessor.swift */; };
		7ED97EAC300543E6007F1D3E /* StickerOverlayProcessor.swift in Sources */ = {isa = PBXBuildFile; fileRef = 7ED97E8B300543E6007F1D3E /* StickerOverlayProcessor.swift */; };
		7ED97EAD300543E6007F1D3E /* TextOverlayProcessor.swift in Sources */ = {isa = PBXBuildFile; fileRef = 7ED97E8C300543E6007F1D3E /* TextOverlayProcessor.swift */; };
		7ED97EAE300543E6007F1D3E /* VideoOverlayProcessor.swift in Sources */ = {isa = PBXBuildFile; fileRef = 7ED97E8D300543E6007F1D3E /* VideoOverlayProcessor.swift */; };
		7ED97EAF300543E6007F1D3E /* CrossfadeTransitionRenderer.swift in Sources */ = {isa = PBXBuildFile; fileRef = 7ED97E8F300543E6007F1D3E /* CrossfadeTransitionRenderer.swift */; };
		7ED97EB0300543E6007F1D3E /* SlideRightTransitionRenderer.swift in Sources */ = {isa = PBXBuildFile; fileRef = 7ED97E90300543E6007F1D3E /* SlideRightTransitionRenderer.swift */; };
		7ED97EB1300543E6007F1D3E /* TransitionRenderer.swift in Sources */ = {isa = PBXBuildFile; fileRef = 7ED97E91300543E6007F1D3E /* TransitionRenderer.swift */; };
		7ED97EB2300543E6007F1D3E /* TransitionRendererFactory.swift in Sources */ = {isa = PBXBuildFile; fileRef = 7ED97E92300543E6007F1D3E /* TransitionRendererFactory.swift */; };
		7ED97EB3300543E6007F1D3E /* WipeLeftTransitionRenderer.swift in Sources */ = {isa = PBXBuildFile; fileRef = 7ED97E93300543E6007F1D3E /* WipeLeftTransitionRenderer.swift */; };
		7ED97EB4300543E6007F1D3E /* Clip.swift in Sources */ = {isa = PBXBuildFile; fileRef = 7ED97E96300543E6007F1D3E /* Clip.swift */; };
		7ED97EB5300543E6007F1D3E /* Overlay.swift in Sources */ = {isa = PBXBuildFile; fileRef = 7ED97E97300543E6007F1D3E /* Overlay.swift */; };
		7ED97EB6300543E6007F1D3E /* Timeline.swift in Sources */ = {isa = PBXBuildFile; fileRef = 7ED97E98300543E6007F1D3E /* Timeline.swift */; };
		7ED97EB7300543E6007F1D3E /* Transition.swift in Sources */ = {isa = PBXBuildFile; fileRef = 7ED97E99300543E6007F1D3E /* Transition.swift */; };
		7ED97EB8300543E6007F1D3E /* LUTHelper.swift in Sources */ = {isa = PBXBuildFile; fileRef = 7ED97E9B300543E6007F1D3E /* LUTHelper.swift */; };
		7ED97EB9300543E6007F1D3E /* MockAssetGenerator.swift in Sources */ = {isa = PBXBuildFile; fileRef = 7ED97E9C300543E6007F1D3E /* MockAssetGenerator.swift */; };
		7ED97EBA300543E6007F1D3E /* ContentView.swift in Sources */ = {isa = PBXBuildFile; fileRef = 7ED97E9E300543E6007F1D3E /* ContentView.swift */; };
		7ED97EBB300543E6007F1D3E /* ExportPreviewModal.swift in Sources */ = {isa = PBXBuildFile; fileRef = 7ED97E9F300543E6007F1D3E /* ExportPreviewModal.swift */; };
		7ED97EBC300543E6007F1D3E /* PlayerView.swift in Sources */ = {isa = PBXBuildFile; fileRef = 7ED97EA0300543E6007F1D3E /* PlayerView.swift */; };
		7ED97EBD300543E6007F1D3E /* TimelineSettingsView.swift in Sources */ = {isa = PBXBuildFile; fileRef = 7ED97EA1300543E6007F1D3E /* TimelineSettingsView.swift */; };
		7ED97EBE300543E6007F1D3E /* VideoEditorApp.swift in Sources */ = {isa = PBXBuildFile; fileRef = 7ED97EA4300543E6007F1D3E /* VideoEditorApp.swift */; };
		7ED97EC3300546FC007F1D3E /* agent_4k.mp4 in Resources */ = {isa = PBXBuildFile; fileRef = 7ED97EC0300546FC007F1D3E /* agent_4k.mp4 */; };
		7ED97EC4300546FC007F1D3E /* palm_trees.mp4 in Resources */ = {isa = PBXBuildFile; fileRef = 7ED97EC2300546FC007F1D3E /* palm_trees.mp4 */; };
		7ED97EC5300546FC007F1D3E /* vertical_content.mp4 in Resources */ = {isa = PBXBuildFile; fileRef = 7ED97EC1300546FC007F1D3E /* vertical_content.mp4 */; };
		7ED97EC6300546FC007F1D3E /* woodland_woods.mp4 in Resources */ = {isa = PBXBuildFile; fileRef = 7ED97EBF300546FC007F1D3E /* woodland_woods.mp4 */; };
/* End PBXBuildFile section */

/* Begin PBXFileReference section */
		7ED97E3630053D09007F1D3E /* VideoEditor.app */ = {isa = PBXFileReference; explicitFileType = wrapper.application; includeInIndex = 0; path = VideoEditor.app; sourceTree = BUILT_PRODUCTS_DIR; };
		7ED97E84300543E6007F1D3E /* TimelineCompositionBuilder.swift */ = {isa = PBXFileReference; lastKnownFileType = sourcecode.swift; path = TimelineCompositionBuilder.swift; sourceTree = "<group>"; };
		7ED97E86300543E6007F1D3E /* CustomVideoCompositionInstruction.swift */ = {isa = PBXFileReference; lastKnownFileType = sourcecode.swift; path = CustomVideoCompositionInstruction.swift; sourceTree = "<group>"; };
		7ED97E87300543E6007F1D3E /* CustomVideoCompositor.swift */ = {isa = PBXFileReference; lastKnownFileType = sourcecode.swift; path = CustomVideoCompositor.swift; sourceTree = "<group>"; };
		7ED97E89300543E6007F1D3E /* ClipEffectsProcessor.swift */ = {isa = PBXFileReference; lastKnownFileType = sourcecode.swift; path = ClipEffectsProcessor.swift; sourceTree = "<group>"; };
		7ED97E8A300543E6007F1D3E /* FrameProcessor.swift */ = {isa = PBXFileReference; lastKnownFileType = sourcecode.swift; path = FrameProcessor.swift; sourceTree = "<group>"; };
		7ED97E8B300543E6007F1D3E /* StickerOverlayProcessor.swift */ = {isa = PBXFileReference; lastKnownFileType = sourcecode.swift; path = StickerOverlayProcessor.swift; sourceTree = "<group>"; };
		7ED97E8C300543E6007F1D3E /* TextOverlayProcessor.swift */ = {isa = PBXFileReference; lastKnownFileType = sourcecode.swift; path = TextOverlayProcessor.swift; sourceTree = "<group>"; };
		7ED97E8D300543E6007F1D3E /* VideoOverlayProcessor.swift */ = {isa = PBXFileReference; lastKnownFileType = sourcecode.swift; path = VideoOverlayProcessor.swift; sourceTree = "<group>"; };
		7ED97E8F300543E6007F1D3E /* CrossfadeTransitionRenderer.swift */ = {isa = PBXFileReference; lastKnownFileType = sourcecode.swift; path = CrossfadeTransitionRenderer.swift; sourceTree = "<group>"; };
		7ED97E90300543E6007F1D3E /* SlideRightTransitionRenderer.swift */ = {isa = PBXFileReference; lastKnownFileType = sourcecode.swift; path = SlideRightTransitionRenderer.swift; sourceTree = "<group>"; };
		7ED97E91300543E6007F1D3E /* TransitionRenderer.swift */ = {isa = PBXFileReference; lastKnownFileType = sourcecode.swift; path = TransitionRenderer.swift; sourceTree = "<group>"; };
		7ED97E92300543E6007F1D3E /* TransitionRendererFactory.swift */ = {isa = PBXFileReference; lastKnownFileType = sourcecode.swift; path = TransitionRendererFactory.swift; sourceTree = "<group>"; };
		7ED97E93300543E6007F1D3E /* WipeLeftTransitionRenderer.swift */ = {isa = PBXFileReference; lastKnownFileType = sourcecode.swift; path = WipeLeftTransitionRenderer.swift; sourceTree = "<group>"; };
		7ED97E96300543E6007F1D3E /* Clip.swift */ = {isa = PBXFileReference; lastKnownFileType = sourcecode.swift; path = Clip.swift; sourceTree = "<group>"; };
		7ED97E97300543E6007F1D3E /* Overlay.swift */ = {isa = PBXFileReference; lastKnownFileType = sourcecode.swift; path = Overlay.swift; sourceTree = "<group>"; };
		7ED97E98300543E6007F1D3E /* Timeline.swift */ = {isa = PBXFileReference; lastKnownFileType = sourcecode.swift; path = Timeline.swift; sourceTree = "<group>"; };
		7ED97E99300543E6007F1D3E /* Transition.swift */ = {isa = PBXFileReference; lastKnownFileType = sourcecode.swift; path = Transition.swift; sourceTree = "<group>"; };
		7ED97E9B300543E6007F1D3E /* LUTHelper.swift */ = {isa = PBXFileReference; lastKnownFileType = sourcecode.swift; path = ../VideoEditorPipeline/Services/LUTHelper.swift; sourceTree = "<group>"; };
		7ED97E9C300543E6007F1D3E /* MockAssetGenerator.swift */ = {isa = PBXFileReference; lastKnownFileType = sourcecode.swift; path = MockAssetGenerator.swift; sourceTree = "<group>"; };
		7ED97E9E300543E6007F1D3E /* ContentView.swift */ = {isa = PBXFileReference; lastKnownFileType = sourcecode.swift; path = ContentView.swift; sourceTree = "<group>"; };
		7ED97E9F300543E6007F1D3E /* ExportPreviewModal.swift */ = {isa = PBXFileReference; lastKnownFileType = sourcecode.swift; path = ExportPreviewModal.swift; sourceTree = "<group>"; };
		7ED97EA0300543E6007F1D3E /* PlayerView.swift */ = {isa = PBXFileReference; lastKnownFileType = sourcecode.swift; path = PlayerView.swift; sourceTree = "<group>"; };
		7ED97EA1300543E6007F1D3E /* TimelineSettingsView.swift */ = {isa = PBXFileReference; lastKnownFileType = sourcecode.swift; path = TimelineSettingsView.swift; sourceTree = "<group>"; };
		7ED97EA3300543E6007F1D3E /* Assets.xcassets */ = {isa = PBXFileReference; lastKnownFileType = folder.assetcatalog; path = Assets.xcassets; sourceTree = "<group>"; };
		7ED97EA4300543E6007F1D3E /* VideoEditorApp.swift */ = {isa = PBXFileReference; lastKnownFileType = sourcecode.swift; path = VideoEditorApp.swift; sourceTree = "<group>"; };
		7ED97EBF300546FC007F1D3E /* woodland_woods.mp4 */ = {isa = PBXFileReference; lastKnownFileType = file; path = woodland_woods.mp4; sourceTree = "<group>"; };
		7ED97EC0300546FC007F1D3E /* agent_4k.mp4 */ = {isa = PBXFileReference; lastKnownFileType = file; path = agent_4k.mp4; sourceTree = "<group>"; };
		7ED97EC1300546FC007F1D3E /* vertical_content.mp4 */ = {isa = PBXFileReference; lastKnownFileType = file; path = vertical_content.mp4; sourceTree = "<group>"; };
		7ED97EC2300546FC007F1D3E /* palm_trees.mp4 */ = {isa = PBXFileReference; lastKnownFileType = file; path = palm_trees.mp4; sourceTree = "<group>"; };
/* End PBXFileReference section */

/* Begin PBXFrameworksBuildPhase section */
		7ED97E3330053D09007F1D3E /* Frameworks */ = {
			isa = PBXFrameworksBuildPhase;
			buildActionMask = 2147483647;
			files = (
			);
			runOnlyForDeploymentPostprocessing = 0;
		};
/* End PBXFrameworksBuildPhase section */

/* Begin PBXGroup section */
		7ED97E2D30053D09007F1D3E = {
			isa = PBXGroup;
			children = (
				7ED97EA5300543E6007F1D3E /* VideoEditor */,
				7ED97E3730053D09007F1D3E /* Products */,
			);
			sourceTree = "<group>";
		};
		7ED97E3730053D09007F1D3E /* Products */ = {
			isa = PBXGroup;
			children = (
				7ED97E3630053D09007F1D3E /* VideoEditor.app */,
			);
			name = Products;
			sourceTree = "<group>";
		};
		7ED97E85300543E6007F1D3E /* Builder */ = {
			isa = PBXGroup;
			children = (
				7ED97E84300543E6007F1D3E /* TimelineCompositionBuilder.swift */,
			);
			path = Builder;
			sourceTree = "<group>";
		};
		7ED97E88300543E6007F1D3E /* Compositing */ = {
			isa = PBXGroup;
			children = (
				7ED97E86300543E6007F1D3E /* CustomVideoCompositionInstruction.swift */,
				7ED97E87300543E6007F1D3E /* CustomVideoCompositor.swift */,
			);
			path = Compositing;
			sourceTree = "<group>";
		};
		7ED97E8E300543E6007F1D3E /* Processors */ = {
			isa = PBXGroup;
			children = (
				7ED97E89300543E6007F1D3E /* ClipEffectsProcessor.swift */,
				7ED97E8A300543E6007F1D3E /* FrameProcessor.swift */,
				7ED97E8B300543E6007F1D3E /* StickerOverlayProcessor.swift */,
				7ED97E8C300543E6007F1D3E /* TextOverlayProcessor.swift */,
				7ED97E8D300543E6007F1D3E /* VideoOverlayProcessor.swift */,
			);
			path = Processors;
			sourceTree = "<group>";
		};
		7ED97E94300543E6007F1D3E /* Transitions */ = {
			isa = PBXGroup;
			children = (
				7ED97E8F300543E6007F1D3E /* CrossfadeTransitionRenderer.swift */,
				7ED97E90300543E6007F1D3E /* SlideRightTransitionRenderer.swift */,
				7ED97E91300543E6007F1D3E /* TransitionRenderer.swift */,
				7ED97E92300543E6007F1D3E /* TransitionRendererFactory.swift */,
				7ED97E93300543E6007F1D3E /* WipeLeftTransitionRenderer.swift */,
			);
			path = Transitions;
			sourceTree = "<group>";
		};
		7ED97E95300543E6007F1D3E /* Core */ = {
			isa = PBXGroup;
			children = (
				7ED97E85300543E6007F1D3E /* Builder */,
				7ED97E88300543E6007F1D3E /* Compositing */,
				7ED97E8E300543E6007F1D3E /* Processors */,
				7ED97E94300543E6007F1D3E /* Transitions */,
			);
			path = VideoEditorPipeline/Core;
			sourceTree = "<group>";
		};
		7ED97E9A300543E6007F1D3E /* Models */ = {
			isa = PBXGroup;
			children = (
				7ED97E96300543E6007F1D3E /* Clip.swift */,
				7ED97E97300543E6007F1D3E /* Overlay.swift */,
				7ED97E98300543E6007F1D3E /* Timeline.swift */,
				7ED97E99300543E6007F1D3E /* Transition.swift */,
			);
			path = VideoEditorPipeline/Models;
			sourceTree = "<group>";
		};
		7ED97E9D300543E6007F1D3E /* Services */ = {
			isa = PBXGroup;
			children = (
				7ED97E9B300543E6007F1D3E /* LUTHelper.swift */,
				7ED97E9C300543E6007F1D3E /* MockAssetGenerator.swift */,
			);
			path = Services;
			sourceTree = "<group>";
		};
		7ED97EA2300543E6007F1D3E /* Views */ = {
			isa = PBXGroup;
			children = (
				7ED97E9E300543E6007F1D3E /* ContentView.swift */,
				7ED97E9F300543E6007F1D3E /* ExportPreviewModal.swift */,
				7ED97EA0300543E6007F1D3E /* PlayerView.swift */,
				7ED97EA1300543E6007F1D3E /* TimelineSettingsView.swift */,
			);
			path = Views;
			sourceTree = "<group>";
		};
		7ED97EA5300543E6007F1D3E /* VideoEditor */ = {
			isa = PBXGroup;
			children = (
				7ED97EC0300546FC007F1D3E /* agent_4k.mp4 */,
				7ED97EC2300546FC007F1D3E /* palm_trees.mp4 */,
				7ED97EC1300546FC007F1D3E /* vertical_content.mp4 */,
				7ED97EBF300546FC007F1D3E /* woodland_woods.mp4 */,
				7ED97EA4300543E6007F1D3E /* VideoEditorApp.swift */,
				7ED97EA3300543E6007F1D3E /* Assets.xcassets */,
				7ED97E95300543E6007F1D3E /* Core */,
				7ED97E9A300543E6007F1D3E /* Models */,
				7ED97E9D300543E6007F1D3E /* Services */,
				7ED97EA2300543E6007F1D3E /* Views */,
			);
			path = VideoEditor;
			sourceTree = "<group>";
		};
/* End PBXGroup section */

/* Begin PBXNativeTarget section */
		7ED97E3530053D09007F1D3E /* VideoEditor */ = {
			isa = PBXNativeTarget;
			buildConfigurationList = 7ED97E4130053D0B007F1D3E /* Build configuration list for PBXNativeTarget "VideoEditor" */;
			buildPhases = (
				7ED97E3230053D09007F1D3E /* Sources */,
				7ED97E3330053D09007F1D3E /* Frameworks */,
				7ED97E3430053D09007F1D3E /* Resources */,
			);
			buildRules = (
			);
			dependencies = (
			);
			name = VideoEditor;
			packageProductDependencies = (
			);
			productName = VideoEditor;
			productReference = 7ED97E3630053D09007F1D3E /* VideoEditor.app */;
			productType = "com.apple.product-type.application";
		};
/* End PBXNativeTarget section */

/* Begin PBXProject section */
		7ED97E2E30053D09007F1D3E /* Project object */ = {
			isa = PBXProject;
			attributes = {
				BuildIndependentTargetsInParallel = 1;
				LastSwiftUpdateCheck = 2660;
				LastUpgradeCheck = 2660;
				TargetAttributes = {
					7ED97E3530053D09007F1D3E = {
						CreatedOnToolsVersion = 26.6;
					};
				};
			};
			buildConfigurationList = 7ED97E3130053D09007F1D3E /* Build configuration list for PBXProject "VideoEditor" */;
			developmentRegion = en;
			hasScannedForEncodings = 0;
			knownRegions = (
				en,
				Base,
			);
			mainGroup = 7ED97E2D30053D09007F1D3E;
			minimizedProjectReferenceProxies = 1;
			preferredProjectObjectVersion = 77;
			productRefGroup = 7ED97E3730053D09007F1D3E /* Products */;
			projectDirPath = "";
			projectRoot = "";
			targets = (
				7ED97E3530053D09007F1D3E /* VideoEditor */,
			);
		};
/* End PBXProject section */

/* Begin PBXResourcesBuildPhase section */
		7ED97E3430053D09007F1D3E /* Resources */ = {
			isa = PBXResourcesBuildPhase;
			buildActionMask = 2147483647;
			files = (
				7ED97EA6300543E6007F1D3E /* Assets.xcassets in Resources */,
				7ED97EC3300546FC007F1D3E /* agent_4k.mp4 in Resources */,
				7ED97EC4300546FC007F1D3E /* palm_trees.mp4 in Resources */,
				7ED97EC5300546FC007F1D3E /* vertical_content.mp4 in Resources */,
				7ED97EC6300546FC007F1D3E /* woodland_woods.mp4 in Resources */,
			);
			runOnlyForDeploymentPostprocessing = 0;
		};
/* End PBXResourcesBuildPhase section */

/* Begin PBXSourcesBuildPhase section */
		7ED97E3230053D09007F1D3E /* Sources */ = {
			isa = PBXSourcesBuildPhase;
			buildActionMask = 2147483647;
			files = (
				7ED97EA7300543E6007F1D3E /* TimelineCompositionBuilder.swift in Sources */,
				7ED97EA8300543E6007F1D3E /* CustomVideoCompositionInstruction.swift in Sources */,
				7ED97EA9300543E6007F1D3E /* CustomVideoCompositor.swift in Sources */,
				7ED97EAA300543E6007F1D3E /* ClipEffectsProcessor.swift in Sources */,
				7ED97EAB300543E6007F1D3E /* FrameProcessor.swift in Sources */,
				7ED97EAC300543E6007F1D3E /* StickerOverlayProcessor.swift in Sources */,
				7ED97EAD300543E6007F1D3E /* TextOverlayProcessor.swift in Sources */,
				7ED97EAE300543E6007F1D3E /* VideoOverlayProcessor.swift in Sources */,
				7ED97EAF300543E6007F1D3E /* CrossfadeTransitionRenderer.swift in Sources */,
				7ED97EB0300543E6007F1D3E /* SlideRightTransitionRenderer.swift in Sources */,
				7ED97EB1300543E6007F1D3E /* TransitionRenderer.swift in Sources */,
				7ED97EB2300543E6007F1D3E /* TransitionRendererFactory.swift in Sources */,
				7ED97EB3300543E6007F1D3E /* WipeLeftTransitionRenderer.swift in Sources */,
				7ED97EB4300543E6007F1D3E /* Clip.swift in Sources */,
				7ED97EB5300543E6007F1D3E /* Overlay.swift in Sources */,
				7ED97EB6300543E6007F1D3E /* Timeline.swift in Sources */,
				7ED97EB7300543E6007F1D3E /* Transition.swift in Sources */,
				7ED97EB8300543E6007F1D3E /* LUTHelper.swift in Sources */,
				7ED97EB9300543E6007F1D3E /* MockAssetGenerator.swift in Sources */,
				7ED97EBA300543E6007F1D3E /* ContentView.swift in Sources */,
				7ED97EBB300543E6007F1D3E /* ExportPreviewModal.swift in Sources */,
				7ED97EBC300543E6007F1D3E /* PlayerView.swift in Sources */,
				7ED97EBD300543E6007F1D3E /* TimelineSettingsView.swift in Sources */,
				7ED97EBE300543E6007F1D3E /* VideoEditorApp.swift in Sources */,
			);
			runOnlyForDeploymentPostprocessing = 0;
		};
/* End PBXSourcesBuildPhase section */

/* Begin XCBuildConfiguration section */
		7ED97E3F30053D0B007F1D3E /* Debug */ = {
			isa = XCBuildConfiguration;
			buildSettings = {
				ALWAYS_SEARCH_USER_PATHS = NO;
				ASSETCATALOG_COMPILER_GENERATE_SWIFT_ASSET_SYMBOL_EXTENSIONS = YES;
				CLANG_ANALYZER_NONNULL = YES;
				CLANG_ANALYZER_NUMBER_OBJECT_CONVERSION = YES_AGGRESSIVE;
				CLANG_CXX_LANGUAGE_STANDARD = "gnu++20";
				CLANG_ENABLE_MODULES = YES;
				CLANG_ENABLE_OBJC_ARC = YES;
				CLANG_ENABLE_OBJC_WEAK = YES;
				CLANG_WARN_BLOCK_CAPTURE_AUTORELEASING = YES;
				CLANG_WARN_BOOL_CONVERSION = YES;
				CLANG_WARN_COMMA = YES;
				CLANG_WARN_CONSTANT_CONVERSION = YES;
				CLANG_WARN_DEPRECATED_OBJC_IMPLEMENTATIONS = YES;
				CLANG_WARN_DIRECT_OBJC_ISA_USAGE = YES_ERROR;
				CLANG_WARN_DOCUMENTATION_COMMENTS = YES;
				CLANG_WARN_EMPTY_BODY = YES;
				CLANG_WARN_ENUM_CONVERSION = YES;
				CLANG_WARN_INFINITE_RECURSION = YES;
				CLANG_WARN_INT_CONVERSION = YES;
				CLANG_WARN_NON_LITERAL_NULL_CONVERSION = YES;
				CLANG_WARN_OBJC_IMPLICIT_RETAIN_SELF = YES;
				CLANG_WARN_OBJC_LITERAL_CONVERSION = YES;
				CLANG_WARN_OBJC_ROOT_CLASS = YES_ERROR;
				CLANG_WARN_QUOTED_INCLUDE_IN_FRAMEWORK_HEADER = YES;
				CLANG_WARN_RANGE_LOOP_ANALYSIS = YES;
				CLANG_WARN_STRICT_PROTOTYPES = YES;
				CLANG_WARN_SUSPICIOUS_MOVE = YES;
				CLANG_WARN_UNGUARDED_AVAILABILITY = YES_AGGRESSIVE;
				CLANG_WARN_UNREACHABLE_CODE = YES;
				CLANG_WARN__DUPLICATE_METHOD_MATCH = YES;
				COPY_PHASE_STRIP = NO;
				DEBUG_INFORMATION_FORMAT = dwarf;
				DEVELOPMENT_TEAM = QUM623UT8W;
				ENABLE_STRICT_OBJC_MSGSEND = YES;
				ENABLE_TESTABILITY = YES;
				ENABLE_USER_SCRIPT_SANDBOXING = YES;
				GCC_C_LANGUAGE_STANDARD = gnu17;
				GCC_DYNAMIC_NO_PIC = NO;
				GCC_NO_COMMON_BLOCKS = YES;
				GCC_OPTIMIZATION_LEVEL = 0;
				GCC_PREPROCESSOR_DEFINITIONS = (
					"DEBUG=1",
					"$(inherited)",
				);
				GCC_WARN_64_TO_32_BIT_CONVERSION = YES;
				GCC_WARN_ABOUT_RETURN_TYPE = YES_ERROR;
				GCC_WARN_UNDECLARED_SELECTOR = YES;
				GCC_WARN_UNINITIALIZED_AUTOS = YES_AGGRESSIVE;
				GCC_WARN_UNUSED_FUNCTION = YES;
				GCC_WARN_UNUSED_VARIABLE = YES;
				IPHONEOS_DEPLOYMENT_TARGET = 26.5;
				LOCALIZATION_PREFERS_STRING_CATALOGS = YES;
				MTL_ENABLE_DEBUG_INFO = INCLUDE_SOURCE;
				MTL_FAST_MATH = YES;
				ONLY_ACTIVE_ARCH = YES;
				SDKROOT = iphoneos;
				SWIFT_ACTIVE_COMPILATION_CONDITIONS = "DEBUG $(inherited)";
				SWIFT_OPTIMIZATION_LEVEL = "-Onone";
			};
			name = Debug;
		};
		7ED97E4030053D0B007F1D3E /* Release */ = {
			isa = XCBuildConfiguration;
			buildSettings = {
				ALWAYS_SEARCH_USER_PATHS = NO;
				ASSETCATALOG_COMPILER_GENERATE_SWIFT_ASSET_SYMBOL_EXTENSIONS = YES;
				CLANG_ANALYZER_NONNULL = YES;
				CLANG_ANALYZER_NUMBER_OBJECT_CONVERSION = YES_AGGRESSIVE;
				CLANG_CXX_LANGUAGE_STANDARD = "gnu++20";
				CLANG_ENABLE_MODULES = YES;
				CLANG_ENABLE_OBJC_ARC = YES;
				CLANG_ENABLE_OBJC_WEAK = YES;
				CLANG_WARN_BLOCK_CAPTURE_AUTORELEASING = YES;
				CLANG_WARN_BOOL_CONVERSION = YES;
				CLANG_WARN_COMMA = YES;
				CLANG_WARN_CONSTANT_CONVERSION = YES;
				CLANG_WARN_DEPRECATED_OBJC_IMPLEMENTATIONS = YES;
				CLANG_WARN_DIRECT_OBJC_ISA_USAGE = YES_ERROR;
				CLANG_WARN_DOCUMENTATION_COMMENTS = YES;
				CLANG_WARN_EMPTY_BODY = YES;
				CLANG_WARN_ENUM_CONVERSION = YES;
				CLANG_WARN_INFINITE_RECURSION = YES;
				CLANG_WARN_INT_CONVERSION = YES;
				CLANG_WARN_NON_LITERAL_NULL_CONVERSION = YES;
				CLANG_WARN_OBJC_IMPLICIT_RETAIN_SELF = YES;
				CLANG_WARN_OBJC_LITERAL_CONVERSION = YES;
				CLANG_WARN_OBJC_ROOT_CLASS = YES_ERROR;
				CLANG_WARN_QUOTED_INCLUDE_IN_FRAMEWORK_HEADER = YES;
				CLANG_WARN_RANGE_LOOP_ANALYSIS = YES;
				CLANG_WARN_STRICT_PROTOTYPES = YES;
				CLANG_WARN_SUSPICIOUS_MOVE = YES;
				CLANG_WARN_UNGUARDED_AVAILABILITY = YES_AGGRESSIVE;
				CLANG_WARN_UNREACHABLE_CODE = YES;
				CLANG_WARN__DUPLICATE_METHOD_MATCH = YES;
				COPY_PHASE_STRIP = NO;
				DEBUG_INFORMATION_FORMAT = "dwarf-with-dsym";
				DEVELOPMENT_TEAM = QUM623UT8W;
				ENABLE_NS_ASSERTIONS = NO;
				ENABLE_STRICT_OBJC_MSGSEND = YES;
				ENABLE_USER_SCRIPT_SANDBOXING = YES;
				GCC_C_LANGUAGE_STANDARD = gnu17;
				GCC_NO_COMMON_BLOCKS = YES;
				GCC_WARN_64_TO_32_BIT_CONVERSION = YES;
				GCC_WARN_ABOUT_RETURN_TYPE = YES_ERROR;
				GCC_WARN_UNDECLARED_SELECTOR = YES;
				GCC_WARN_UNINITIALIZED_AUTOS = YES_AGGRESSIVE;
				GCC_WARN_UNUSED_FUNCTION = YES;
				GCC_WARN_UNUSED_VARIABLE = YES;
				IPHONEOS_DEPLOYMENT_TARGET = 26.5;
				LOCALIZATION_PREFERS_STRING_CATALOGS = YES;
				MTL_ENABLE_DEBUG_INFO = NO;
				MTL_FAST_MATH = YES;
				SDKROOT = iphoneos;
				SWIFT_COMPILATION_MODE = wholemodule;
				VALIDATE_PRODUCT = YES;
			};
			name = Release;
		};
		7ED97E4230053D0B007F1D3E /* Debug */ = {
			isa = XCBuildConfiguration;
			buildSettings = {
				ASSETCATALOG_COMPILER_APPICON_NAME = AppIcon;
				ASSETCATALOG_COMPILER_GLOBAL_ACCENT_COLOR_NAME = AccentColor;
				CODE_SIGN_STYLE = Automatic;
				CURRENT_PROJECT_VERSION = 1;
				DEVELOPMENT_TEAM = QUM623UT8W;
				ENABLE_PREVIEWS = YES;
				GENERATE_INFOPLIST_FILE = YES;
				INFOPLIST_KEY_UIApplicationSceneManifest_Generation = YES;
				INFOPLIST_KEY_UIApplicationSupportsIndirectInputEvents = YES;
				INFOPLIST_KEY_UILaunchScreen_Generation = YES;
				INFOPLIST_KEY_UISupportedInterfaceOrientations_iPad = "UIInterfaceOrientationPortrait UIInterfaceOrientationPortraitUpsideDown UIInterfaceOrientationLandscapeLeft UIInterfaceOrientationLandscapeRight";
				INFOPLIST_KEY_UISupportedInterfaceOrientations_iPhone = "UIInterfaceOrientationPortrait UIInterfaceOrientationLandscapeLeft UIInterfaceOrientationLandscapeRight";
				LD_RUNPATH_SEARCH_PATHS = (
					"$(inherited)",
					"@executable_path/Frameworks",
				);
				MARKETING_VERSION = 1.0;
				PRODUCT_BUNDLE_IDENTIFIER = com.amitkum.VideoEditor;
				PRODUCT_NAME = "$(TARGET_NAME)";
				STRING_CATALOG_GENERATE_SYMBOLS = YES;
				SWIFT_APPROACHABLE_CONCURRENCY = YES;
				SWIFT_DEFAULT_ACTOR_ISOLATION = MainActor;
				SWIFT_EMIT_LOC_STRINGS = YES;
				SWIFT_UPCOMING_FEATURE_MEMBER_IMPORT_VISIBILITY = YES;
				SWIFT_VERSION = 5.0;
				TARGETED_DEVICE_FAMILY = "1,2";
			};
			name = Debug;
		};
		7ED97E4330053D0B007F1D3E /* Release */ = {
			isa = XCBuildConfiguration;
			buildSettings = {
				ASSETCATALOG_COMPILER_APPICON_NAME = AppIcon;
				ASSETCATALOG_COMPILER_GLOBAL_ACCENT_COLOR_NAME = AccentColor;
				CODE_SIGN_STYLE = Automatic;
				CURRENT_PROJECT_VERSION = 1;
				DEVELOPMENT_TEAM = QUM623UT8W;
				ENABLE_PREVIEWS = YES;
				GENERATE_INFOPLIST_FILE = YES;
				INFOPLIST_KEY_UIApplicationSceneManifest_Generation = YES;
				INFOPLIST_KEY_UIApplicationSupportsIndirectInputEvents = YES;
				INFOPLIST_KEY_UILaunchScreen_Generation = YES;
				INFOPLIST_KEY_UISupportedInterfaceOrientations_iPad = "UIInterfaceOrientationPortrait UIInterfaceOrientationPortraitUpsideDown UIInterfaceOrientationLandscapeLeft UIInterfaceOrientationLandscapeRight";
				INFOPLIST_KEY_UISupportedInterfaceOrientations_iPhone = "UIInterfaceOrientationPortrait UIInterfaceOrientationLandscapeLeft UIInterfaceOrientationLandscapeRight";
				LD_RUNPATH_SEARCH_PATHS = (
					"$(inherited)",
					"@executable_path/Frameworks",
				);
				MARKETING_VERSION = 1.0;
				PRODUCT_BUNDLE_IDENTIFIER = com.amitkum.VideoEditor;
				PRODUCT_NAME = "$(TARGET_NAME)";
				STRING_CATALOG_GENERATE_SYMBOLS = YES;
				SWIFT_APPROACHABLE_CONCURRENCY = YES;
				SWIFT_DEFAULT_ACTOR_ISOLATION = MainActor;
				SWIFT_EMIT_LOC_STRINGS = YES;
				SWIFT_UPCOMING_FEATURE_MEMBER_IMPORT_VISIBILITY = YES;
				SWIFT_VERSION = 5.0;
				TARGETED_DEVICE_FAMILY = "1,2";
			};
			name = Release;
		};
/* End XCBuildConfiguration section */

/* Begin XCConfigurationList section */
		7ED97E3130053D09007F1D3E /* Build configuration list for PBXProject "VideoEditor" */ = {
			isa = XCConfigurationList;
			buildConfigurations = (
				7ED97E3F30053D0B007F1D3E /* Debug */,
				7ED97E4030053D0B007F1D3E /* Release */,
			);
			defaultConfigurationIsVisible = 0;
			defaultConfigurationName = Release;
		};
		7ED97E4130053D0B007F1D3E /* Build configuration list for PBXNativeTarget "VideoEditor" */ = {
			isa = XCConfigurationList;
			buildConfigurations = (
				7ED97E4230053D0B007F1D3E /* Debug */,
				7ED97E4330053D0B007F1D3E /* Release */,
			);
			defaultConfigurationIsVisible = 0;
			defaultConfigurationName = Release;
		};
/* End XCConfigurationList section */
	};
	rootObject = 7ED97E2E30053D09007F1D3E /* Project object */;
}
